
Microsoft Visual Studio Solution File, Format Version 12.00
# Visual Studio Version 17
VisualStudioVersion = 17.10.34928.147
MinimumVisualStudioVersion = 10.0.40219.1
Project("{FAE04EC0-301F-11D3-BF4B-00C04F79EFBC}") = "POS(CapstoneProject)", "POS(CapstoneProject)\POS(CapstoneProject).csproj", "{E8751E20-78E2-4A99-8963-C35992CFF872}"
EndProject
Global
	GlobalSection(SolutionConfigurationPlatforms) = preSolution
		Debug|Any CPU = Debug|Any CPU
		Release|Any CPU = Release|Any CPU
	EndGlobalSection
	GlobalSection(ProjectConfigurationPlatforms) = postSolution
		{E8751E20-78E2-4A99-8963-C35992CFF872}.Debug|Any CPU.ActiveCfg = Debug|Any CPU
		{E8751E20-78E2-4A99-8963-C35992CFF872}.Debug|Any CPU.Build.0 = Debug|Any CPU
		{E8751E20-78E2-4A99-8963-C35992CFF872}.Release|Any CPU.ActiveCfg = Release|Any CPU
		{E8751E20-78E2-4A99-8963-C35992CFF872}.Release|Any CPU.Build.0 = Release|Any CPU
	EndGlobalSection
	GlobalSection(SolutionProperties) = preSolution
		HideSolutionNode = FALSE
	EndGlobalSection
	GlobalSection(ExtensibilityGlobals) = postSolution
		SolutionGuid = {040DA8D3-857F-405D-BF09-43C0885236AE}
	EndGlobalSection
EndGlobal
